github.com/bytedance/gopkg v0.1.1 h1:3azzgSkiaw79u24a+w9arfH8OfnQQ4MHUt9lJFREEaE=
github.com/bytedance/gopkg v0.1.1/go.mod h1:576VvJ+eJgyCzdjS+c4+77QF3p7ubbtiKARP3TxducM=
github.com/pkg/errors v0.9.1 h1:FEBLx1zS214owpjy7qsBeixbURkuhQAwrK5UwLGTwt4=
github.com/pkg/errors v0.9.1/go.mod h1:bwawxfHBFNV+L2hUp1rHADufV3IMtnDRdf1r5NINEl0=
